// !$*UTF8*$!
{
	archiveVersion = 1;
	classes = {
	};
	objectVersion = 48;
	objects = {

/* Begin PBXBuildFile section */
		E37610161F95DFE6007FC15A /* AppDelegate.m in Sources */ = {isa = PBXBuildFile; fileRef = E37610151F95DFE6007FC15A /* AppDelegate.m */; };
		E37610191F95DFE6007FC15A /* ViewController.m in Sources */ = {isa = PBXBuildFile; fileRef = E37610181F95DFE6007FC15A /* ViewController.m */; };
		E376101C1F95DFE6007FC15A /* Main.storyboard in Resources */ = {isa = PBXBuildFile; fileRef = E376101A1F95DFE6007FC15A /* Main.storyboard */; };
		E376101E1F95DFE6007FC15A /* Assets.xcassets in Resources */ = {isa = PBXBuildFile; fileRef = E376101D1F95DFE6007FC15A /* Assets.xcassets */; };
		E37610211F95DFE6007FC15A /* LaunchScreen.storyboard in Resources */ = {isa = PBXBuildFile; fileRef = E376101F1F95DFE6007FC15A /* LaunchScreen.storyboard */; };
		E37610241F95DFE6007FC15A /* main.m in Sources */ = {isa = PBXBuildFile; fileRef = E37610231F95DFE6007FC15A /* main.m */; };
		E376102E1F95DFE6007FC15A /* mytextTests.m in Sources */ = {isa = PBXBuildFile; fileRef = E376102D1F95DFE6007FC15A /* mytextTests.m */; };
		E37610391F95DFE6007FC15A /* mytextUITests.m in Sources */ = {isa = PBXBuildFile; fileRef = E37610381F95DFE6007FC15A /* mytextUITests.m */; };
/* End PBXBuildFile section */

/* Begin PBXContainerItemProxy section */
		E376102A1F95DFE6007FC15A /* PBXContainerItemProxy */ = {
			isa = PBXContainerItemProxy;
			containerPortal = E37610091F95DFE6007FC15A /* Project object */;
			proxyType = 1;
			remoteGlobalIDString = E37610101F95DFE6007FC15A;
			remoteInfo = mytext;
		};
		E37610351F95DFE6007FC15A /* PBXContainerItemProxy */ = {
			isa = PBXContainerItemProxy;
			containerPortal = E37610091F95DFE6007FC15A /* Project object */;
			proxyType = 1;
			remoteGlobalIDString = E37610101F95DFE6007FC15A;
			remoteInfo = mytext;
		};
/* End PBXContainerItemProxy section */

/* Begin PBXFileReference section */
		E37610111F95DFE6007FC15A /* mytext.app */ = {isa = PBXFileReference; explicitFileType = wrapper.application; includeInIndex = 0; path = mytext.app; sourceTree = BUILT_PRODUCTS_DIR; };
		E37610141F95DFE6007FC15A /* AppDelegate.h */ = {isa = PBXFileReference; lastKnownFileType = sourcecode.c.h; path = AppDelegate.h; sourceTree = "<group>"; };
		E37610151F95DFE6007FC15A /* AppDelegate.m */ = {isa = PBXFileReference; lastKnownFileType = sourcecode.c.objc; path = AppDelegate.m; sourceTree = "<group>"; };
		E37610171F95DFE6007FC15A /* ViewController.h */ = {isa = PBXFileReference; lastKnownFileType = sourcecode.c.h; path = ViewController.h; sourceTree = "<group>"; };
		E37610181F95DFE6007FC15A /* ViewController.m */ = {isa = PBXFileReference; lastKnownFileType = sourcecode.c.objc; path = ViewController.m; sourceTree = "<group>"; };
		E376101B1F95DFE6007FC15A /* Base */ = {isa = PBXFileReference; lastKnownFileType = file.storyboard; name = Base; path = Base.lproj/Main.storyboard; sourceTree = "<group>"; };
		E376101D1F95DFE6007FC15A /* Assets.xcassets */ = {isa = PBXFileReference; lastKnownFileType = folder.assetcatalog; path = Assets.xcassets; sourceTree = "<group>"; };
		E37610201F95DFE6007FC15A /* Base */ = {isa = PBXFileReference; lastKnownFileType = file.storyboard; name = Base; path = Base.lproj/LaunchScreen.storyboard; sourceTree = "<group>"; };
		E37610221F95DFE6007FC15A /* Info.plist */ = {isa = PBXFileReference; lastKnownFileType = text.plist.xml; path = Info.plist; sourceTree = "<group>"; };
		E37610231F95DFE6007FC15A /* main.m */ = {isa = PBXFileReference; lastKnownFileType = sourcecode.c.objc; path = main.m; sourceTree = "<group>"; };
		E37610291F95DFE6007FC15A /* mytextTests.xctest */ = {isa = PBXFileReference; explicitFileType = wrapper.cfbundle; includeInIndex = 0; path = mytextTests.xctest; sourceTree = BUILT_PRODUCTS_DIR; };
		E376102D1F95DFE6007FC15A /* mytextTests.m */ = {isa = PBXFileReference; lastKnownFileType = sourcecode.c.objc; path = mytextTests.m; sourceTree = "<group>"; };
		E376102F1F95DFE6007FC15A /* Info.plist */ = {isa = PBXFileReference; lastKnownFileType = text.plist.xml; path = Info.plist; sourceTree = "<group>"; };
		E37610341F95DFE6007FC15A /* mytextUITests.xctest */ = {isa = PBXFileReference; explicitFileType = wrapper.cfbundle; includeInIndex = 0; path = mytextUITests.xctest; sourceTree = BUILT_PRODUCTS_DIR; };
		E37610381F95DFE6007FC15A /* mytextUITests.m */ = {isa = PBXFileReference; lastKnownFileType = sourcecode.c.objc; path = mytextUITests.m; sourceTree = "<group>"; };
		E376103A1F95DFE6007FC15A /* Info.plist */ = {isa = PBXFileReference; lastKnownFileType = text.plist.xml; path = Info.plist; sourceTree = "<group>"; };
/* End PBXFileReference section */

/* Begin PBXFrameworksBuildPhase section */
		E376100E1F95DFE6007FC15A /* Frameworks */ = {
			isa = PBXFrameworksBuildPhase;
			buildActionMask = 2147483647;
			files = (
			);
			runOnlyForDeploymentPostprocessing = 0;
		};
		E37610261F95DFE6007FC15A /* Frameworks */ = {
			isa = PBXFrameworksBuildPhase;
			buildActionMask = 2147483647;
			files = (
			);
			runOnlyForDeploymentPostprocessing = 0;
		};
		E37610311F95DFE6007FC15A /* Frameworks */ = {
			isa = PBXFrameworksBuildPhase;
			buildActionMask = 2147483647;
			files = (
			);
			runOnlyForDeploymentPostprocessing = 0;
		};
/* End PBXFrameworksBuildPhase section */

/* Begin PBXGroup section */
		E37610081F95DFE6007FC15A = {
			isa = PBXGroup;
			children = (
				E37610131F95DFE6007FC15A /* mytext */,
				E376102C1F95DFE6007FC15A /* mytextTests */,
				E37610371F95DFE6007FC15A /* mytextUITests */,
				E37610121F95DFE6007FC15A /* Products */,
			);
			sourceTree = "<group>";
		};
		E37610121F95DFE6007FC15A /* Products */ = {
			isa = PBXGroup;
			children = (
				E37610111F95DFE6007FC15A /* mytext.app */,
				E37610291F95DFE6007FC15A /* mytextTests.xctest */,
				E37610341F95DFE6007FC15A /* mytextUITests.xctest */,
			);
			name = Products;
			sourceTree = "<group>";
		};
		E37610131F95DFE6007FC15A /* mytext */ = {
			isa = PBXGroup;
			children = (
				E37610141F95DFE6007FC15A /* AppDelegate.h */,
				E37610151F95DFE6007FC15A /* AppDelegate.m */,
				E37610171F95DFE6007FC15A /* ViewController.h */,
				E37610181F95DFE6007FC15A /* ViewController.m */,
				E376101A1F95DFE6007FC15A /* Main.storyboard */,
				E376101D1F95DFE6007FC15A /* Assets.xcassets */,
				E376101F1F95DFE6007FC15A /* LaunchScreen.storyboard */,
				E37610221F95DFE6007FC15A /* Info.plist */,
				E37610231F95DFE6007FC15A /* main.m */,
			);
			path = mytext;
			sourceTree = "<group>";
		};
		E376102C1F95DFE6007FC15A /* mytextTests */ = {
			isa = PBXGroup;
			children = (
				E376102D1F95DFE6007FC15A /* mytextTests.m */,
				E376102F1F95DFE6007FC15A /* Info.plist */,
			);
			path = mytextTests;
			sourceTree = "<group>";
		};
		E37610371F95DFE6007FC15A /* mytextUITests */ = {
			isa = PBXGroup;
			children = (
				E37610381F95DFE6007FC15A /* mytextUITests.m */,
				E376103A1F95DFE6007FC15A /* Info.plist */,
			);
			path = mytextUITests;
			sourceTree = "<group>";
		};
/* End PBXGroup section */

/* Begin PBXNativeTarget section */
		E37610101F95DFE6007FC15A /* mytext */ = {
			isa = PBXNativeTarget;
			buildConfigurationList = E376103D1F95DFE6007FC15A /* Build configuration list for PBXNativeTarget "mytext" */;
			buildPhases = (
				E376100D1F95DFE6007FC15A /* Sources */,
				E376100E1F95DFE6007FC15A /* Frameworks */,
				E376100F1F95DFE6007FC15A /* Resources */,
			);
			buildRules = (
			);
			dependencies = (
			);
			name = mytext;
			productName = mytext;
			productReference = E37610111F95DFE6007FC15A /* mytext.app */;
			productType = "com.apple.product-type.application";
		};
		E37610281F95DFE6007FC15A /* mytextTests */ = {
			isa = PBXNativeTarget;
			buildConfigurationList = E37610401F95DFE6007FC15A /* Build configuration list for PBXNativeTarget "mytextTests" */;
			buildPhases = (
				E37610251F95DFE6007FC15A /* Sources */,
				E37610261F95DFE6007FC15A /* Frameworks */,
				E37610271F95DFE6007FC15A /* Resources */,
			);
			buildRules = (
			);
			dependencies = (
				E376102B1F95DFE6007FC15A /* PBXTargetDependency */,
			);
			name = mytextTests;
			productName = mytextTests;
			productReference = E37610291F95DFE6007FC15A /* mytextTests.xctest */;
			productType = "com.apple.product-type.bundle.unit-test";
		};
		E37610331F95DFE6007FC15A /* mytextUITests */ = {
			isa = PBXNativeTarget;
			buildConfigurationList = E37610431F95DFE6007FC15A /* Build configuration list for PBXNativeTarget "mytextUITests" */;
			buildPhases = (
				E37610301F95DFE6007FC15A /* Sources */,
				E37610311F95DFE6007FC15A /* Frameworks */,
				E37610321F95DFE6007FC15A /* Resources */,
			);
			buildRules = (
			);
			dependencies = (
				E37610361F95DFE6007FC15A /* PBXTargetDependency */,
			);
			name = mytextUITests;
			productName = mytextUITests;
			productReference = E37610341F95DFE6007FC15A /* mytextUITests.xctest */;
			productType = "com.apple.product-type.bundle.ui-testing";
		};
/* End PBXNativeTarget section */

/* Begin PBXProject section */
		E37610091F95DFE6007FC15A /* Project object */ = {
			isa = PBXProject;
			attributes = {
				LastUpgradeCheck = 0900;
				ORGANIZATIONNAME = lwq;
				TargetAttributes = {
					E37610101F95DFE6007FC15A = {
						CreatedOnToolsVersion = 9.0;
						ProvisioningStyle = Automatic;
					};
					E37610281F95DFE6007FC15A = {
						CreatedOnToolsVersion = 9.0;
						ProvisioningStyle = Automatic;
						TestTargetID = E37610101F95DFE6007FC15A;
					};
					E37610331F95DFE6007FC15A = {
						CreatedOnToolsVersion = 9.0;
						ProvisioningStyle = Automatic;
						TestTargetID = E37610101F95DFE6007FC15A;
					};
				};
			};
			buildConfigurationList = E376100C1F95DFE6007FC15A /* Build configuration list for PBXProject "mytext" */;
			compatibilityVersion = "Xcode 8.0";
			developmentRegion = en;
			hasScannedForEncodings = 0;
			knownRegions = (
				en,
				Base,
			);
			mainGroup = E37610081F95DFE6007FC15A;
			productRefGroup = E37610121F95DFE6007FC15A /* Products */;
			projectDirPath = "";
			projectRoot = "";
			targets = (
				E37610101F95DFE6007FC15A /* mytext */,
				E37610281F95DFE6007FC15A /* mytextTests */,
				E37610331F95DFE6007FC15A /* mytextUITests */,
			);
		};
/* End PBXProject section */

/* Begin PBXResourcesBuildPhase section */
		E376100F1F95DFE6007FC15A /* Resources */ = {
			isa = PBXResourcesBuildPhase;
			buildActionMask = 2147483647;
			files = (
				E37610211F95DFE6007FC15A /* LaunchScreen.storyboard in Resources */,
				E376101E1F95DFE6007FC15A /* Assets.xcassets in Resources */,
				E376101C1F95DFE6007FC15A /* Main.storyboard in Resources */,
			);
			runOnlyForDeploymentPostprocessing = 0;
		};
		E37610271F95DFE6007FC15A /* Resources */ = {
			isa = PBXResourcesBuildPhase;
			buildActionMask = 2147483647;
			files = (
			);
			runOnlyForDeploymentPostprocessing = 0;
		};
		E37610321F95DFE6007FC15A /* Resources */ = {
			isa = PBXResourcesBuildPhase;
			buildActionMask = 2147483647;
			files = (
			);
			runOnlyForDeploymentPostprocessing = 0;
		};
/* End PBXResourcesBuildPhase section */

/* Begin PBXSourcesBuildPhase section */
		E376100D1F95DFE6007FC15A /* Sources */ = {
			isa = PBXSourcesBuildPhase;
			buildActionMask = 2147483647;
			files = (
				E37610191F95DFE6007FC15A /* ViewController.m in Sources */,
				E37610241F95DFE6007FC15A /* main.m in Sources */,
				E37610161F95DFE6007FC15A /* AppDelegate.m in Sources */,
			);
			runOnlyForDeploymentPostprocessing = 0;
		};
		E37610251F95DFE6007FC15A /* Sources */ = {
			isa = PBXSourcesBuildPhase;
			buildActionMask = 2147483647;
			files = (
				E376102E1F95DFE6007FC15A /* mytextTests.m in Sources */,
			);
			runOnlyForDeploymentPostprocessing = 0;
		};
		E37610301F95DFE6007FC15A /* Sources */ = {
			isa = PBXSourcesBuildPhase;
			buildActionMask = 2147483647;
			files = (
				E37610391F95DFE6007FC15A /* mytextUITests.m in Sources */,
			);
			runOnlyForDeploymentPostprocessing = 0;
		};
/* End PBXSourcesBuildPhase section */

/* Begin PBXTargetDependency section */
		E376102B1F95DFE6007FC15A /* PBXTargetDependency */ = {
			isa = PBXTargetDependency;
			target = E37610101F95DFE6007FC15A /* mytext */;
			targetProxy = E376102A1F95DFE6007FC15A /* PBXContainerItemProxy */;
		};
		E37610361F95DFE6007FC15A /* PBXTargetDependency */ = {
			isa = PBXTargetDependency;
			target = E37610101F95DFE6007FC15A /* mytext */;
			targetProxy = E37610351F95DFE6007FC15A /* PBXContainerItemProxy */;
		};
/* End PBXTargetDependency section */

/* Begin PBXVariantGroup section */
		E376101A1F95DFE6007FC15A /* Main.storyboard */ = {
			isa = PBXVariantGroup;
			children = (
				E376101B1F95DFE6007FC15A /* Base */,
			);
			name = Main.storyboard;
			sourceTree = "<group>";
		};
		E376101F1F95DFE6007FC15A /* LaunchScreen.storyboard */ = {
			isa = PBXVariantGroup;
			children = (
				E37610201F95DFE6007FC15A /* Base */,
			);
			name = LaunchScreen.storyboard;
			sourceTree = "<group>";
		};
/* End PBXVariantGroup section */

/* Begin XCBuildConfiguration section */
		E376103B1F95DFE6007FC15A /* Debug */ = {
			isa = XCBuildConfiguration;
			buildSettings = {
				ALWAYS_SEARCH_USER_PATHS = NO;
				CLANG_ANALYZER_NONNULL = YES;
				CLANG_ANALYZER_NUMBER_OBJECT_CONVERSION = YES_AGGRESSIVE;
				CLANG_CXX_LANGUAGE_STANDARD = "gnu++14";
				CLANG_CXX_LIBRARY = "libc++";
				CLANG_ENABLE_MODULES = YES;
				CLANG_ENABLE_OBJC_ARC = YES;
				CLANG_WARN_BLOCK_CAPTURE_AUTORELEASING = YES;
				CLANG_WARN_BOOL_CONVERSION = YES;
				CLANG_WARN_COMMA = YES;
				CLANG_WARN_CONSTANT_CONVERSION = YES;
				CLANG_WARN_DIRECT_OBJC_ISA_USAGE = YES_ERROR;
				CLANG_WARN_DOCUMENTATION_COMMENTS = YES;
				CLANG_WARN_EMPTY_BODY = YES;
				CLANG_WARN_ENUM_CONVERSION = YES;
				CLANG_WARN_INFINITE_RECURSION = YES;
				CLANG_WARN_INT_CONVERSION = YES;
				CLANG_WARN_NON_LITERAL_NULL_CONVERSION = YES;
				CLANG_WARN_OBJC_LITERAL_CONVERSION = YES;
				CLANG_WARN_OBJC_ROOT_CLASS = YES_ERROR;
				CLANG_WARN_RANGE_LOOP_ANALYSIS = YES;
				CLANG_WARN_STRICT_PROTOTYPES = YES;
				CLANG_WARN_SUSPICIOUS_MOVE = YES;
				CLANG_WARN_UNGUARDED_AVAILABILITY = YES_AGGRESSIVE;
				CLANG_WARN_UNREACHABLE_CODE = YES;
				CLANG_WARN__DUPLICATE_METHOD_MATCH = YES;
				CODE_SIGN_IDENTITY = "iPhone Developer";
				COPY_PHASE_STRIP = NO;
				DEBUG_INFORMATION_FORMAT = dwarf;
				ENABLE_STRICT_OBJC_MSGSEND = YES;
				ENABLE_TESTABILITY = YES;
				GCC_C_LANGUAGE_STANDARD = gnu11;
				GCC_DYNAMIC_NO_PIC = NO;
				GCC_NO_COMMON_BLOCKS = YES;
				GCC_OPTIMIZATION_LEVEL = 0;
				GCC_PREPROCESSOR_DEFINITIONS = (
					"DEBUG=1",
					"$(inherited)",
				);
				GCC_WARN_64_TO_32_BIT_CONVERSION = YES;
				GCC_WARN_ABOUT_RETURN_TYPE = YES_ERROR;
				GCC_WARN_UNDECLARED_SELECTOR = YES;
				GCC_WARN_UNINITIALIZED_AUTOS = YES_AGGRESSIVE;
				GCC_WARN_UNUSED_FUNCTION = YES;
				GCC_WARN_UNUSED_VARIABLE = YES;
				IPHONEOS_DEPLOYMENT_TARGET = 11.0;
				MTL_ENABLE_DEBUG_INFO = YES;
				ONLY_ACTIVE_ARCH = YES;
				SDKROOT = iphoneos;
			};
			name = Debug;
		};
		E376103C1F95DFE6007FC15A /* Release */ = {
			isa = XCBuildConfiguration;
			buildSettings = {
				ALWAYS_SEARCH_USER_PATHS = NO;
				CLANG_ANALYZER_NONNULL = YES;
				CLANG_ANALYZER_NUMBER_OBJECT_CONVERSION = YES_AGGRESSIVE;
				CLANG_CXX_LANGUAGE_STANDARD = "gnu++14";
				CLANG_CXX_LIBRARY = "libc++";
				CLANG_ENABLE_MODULES = YES;
				CLANG_ENABLE_OBJC_ARC = YES;
				CLANG_WARN_BLOCK_CAPTURE_AUTORELEASING = YES;
				CLANG_WARN_BOOL_CONVERSION = YES;
				CLANG_WARN_COMMA = YES;
				CLANG_WARN_CONSTANT_CONVERSION = YES;
				CLANG_WARN_DIRECT_OBJC_ISA_USAGE = YES_ERROR;
				CLANG_WARN_DOCUMENTATION_COMMENTS = YES;
				CLANG_WARN_EMPTY_BODY = YES;
				CLANG_WARN_ENUM_CONVERSION = YES;
				CLANG_WARN_INFINITE_RECURSION = YES;
				CLANG_WARN_INT_CONVERSION = YES;
				CLANG_WARN_NON_LITERAL_NULL_CONVERSION = YES;
				CLANG_WARN_OBJC_LITERAL_CONVERSION = YES;
				CLANG_WARN_OBJC_ROOT_CLASS = YES_ERROR;
				CLANG_WARN_RANGE_LOOP_ANALYSIS = YES;
				CLANG_WARN_STRICT_PROTOTYPES = YES;
				CLANG_WARN_SUSPICIOUS_MOVE = YES;
				CLANG_WARN_UNGUARDED_AVAILABILITY = YES_AGGRESSIVE;
				CLANG_WARN_UNREACHABLE_CODE = YES;
				CLANG_WARN__DUPLICATE_METHOD_MATCH = YES;
				CODE_SIGN_IDENTITY = "iPhone Developer";
				COPY_PHASE_STRIP = NO;
				DEBUG_INFORMATION_FORMAT = "dwarf-with-dsym";
				ENABLE_NS_ASSERTIONS = NO;
				ENABLE_STRICT_OBJC_MSGSEND = YES;
				GCC_C_LANGUAGE_STANDARD = gnu11;
				GCC_NO_COMMON_BLOCKS = YES;
				GCC_WARN_64_TO_32_BIT_CONVERSION = YES;
				GCC_WARN_ABOUT_RETURN_TYPE = YES_ERROR;
				GCC_WARN_UNDECLARED_SELECTOR = YES;
				GCC_WARN_UNINITIALIZED_AUTOS = YES_AGGRESSIVE;
				GCC_WARN_UNUSED_FUNCTION = YES;
				GCC_WARN_UNUSED_VARIABLE = YES;
				IPHONEOS_DEPLOYMENT_TARGET = 11.0;
				MTL_ENABLE_DEBUG_INFO = NO;
				SDKROOT = iphoneos;
				VALIDATE_PRODUCT = YES;
			};
			name = Release;
		};
		E376103E1F95DFE6007FC15A /* Debug */ = {
			isa = XCBuildConfiguration;
			buildSettings = {
				ASSETCATALOG_COMPILER_APPICON_NAME = AppIcon;
				CODE_SIGN_STYLE = Automatic;
				DEVELOPMENT_TEAM = VV2ZVJX725;
				INFOPLIST_FILE = mytext/Info.plist;
				LD_RUNPATH_SEARCH_PATHS = "$(inherited) @executable_path/Frameworks";
				PRODUCT_BUNDLE_IDENTIFIER = com.xiaoshupuhui.mytext;
				PRODUCT_NAME = "$(TARGET_NAME)";
				TARGETED_DEVICE_FAMILY = "1,2";
			};
			name = Debug;
		};
		E376103F1F95DFE6007FC15A /* Release */ = {
			isa = XCBuildConfiguration;
			buildSettings = {
				ASSETCATALOG_COMPILER_APPICON_NAME = AppIcon;
				CODE_SIGN_STYLE = Automatic;
				DEVELOPMENT_TEAM = VV2ZVJX725;
				INFOPLIST_FILE = mytext/Info.plist;
				LD_RUNPATH_SEARCH_PATHS = "$(inherited) @executable_path/Frameworks";
				PRODUCT_BUNDLE_IDENTIFIER = com.xiaoshupuhui.mytext;
				PRODUCT_NAME = "$(TARGET_NAME)";
				TARGETED_DEVICE_FAMILY = "1,2";
			};
			name = Release;
		};
		E37610411F95DFE6007FC15A /* Debug */ = {
			isa = XCBuildConfiguration;
			buildSettings = {
				BUNDLE_LOADER = "$(TEST_HOST)";
				CODE_SIGN_STYLE = Automatic;
				DEVELOPMENT_TEAM = VV2ZVJX725;
				INFOPLIST_FILE = mytextTests/Info.plist;
				LD_RUNPATH_SEARCH_PATHS = "$(inherited) @executable_path/Frameworks @loader_path/Frameworks";
				PRODUCT_BUNDLE_IDENTIFIER = com.xiaoshupuhui.mytextTests;
				PRODUCT_NAME = "$(TARGET_NAME)";
				TARGETED_DEVICE_FAMILY = "1,2";
				TEST_HOST = "$(BUILT_PRODUCTS_DIR)/mytext.app/mytext";
			};
			name = Debug;
		};
		E37610421F95DFE6007FC15A /* Release */ = {
			isa = XCBuildConfiguration;
			buildSettings = {
				BUNDLE_LOADER = "$(TEST_HOST)";
				CODE_SIGN_STYLE = Automatic;
				DEVELOPMENT_TEAM = VV2ZVJX725;
				INFOPLIST_FILE = mytextTests/Info.plist;
				LD_RUNPATH_SEARCH_PATHS = "$(inherited) @executable_path/Frameworks @loader_path/Frameworks";
				PRODUCT_BUNDLE_IDENTIFIER = com.xiaoshupuhui.mytextTests;
				PRODUCT_NAME = "$(TARGET_NAME)";
				TARGETED_DEVICE_FAMILY = "1,2";
				TEST_HOST = "$(BUILT_PRODUCTS_DIR)/mytext.app/mytext";
			};
			name = Release;
		};
		E37610441F95DFE6007FC15A /* Debug */ = {
			isa = XCBuildConfiguration;
			buildSettings = {
				CODE_SIGN_STYLE = Automatic;
				DEVELOPMENT_TEAM = VV2ZVJX725;
				INFOPLIST_FILE = mytextUITests/Info.plist;
				LD_RUNPATH_SEARCH_PATHS = "$(inherited) @executable_path/Frameworks @loader_path/Frameworks";
				PRODUCT_BUNDLE_IDENTIFIER = com.xiaoshupuhui.mytextUITests;
				PRODUCT_NAME = "$(TARGET_NAME)";
				TARGETED_DEVICE_FAMILY = "1,2";
				TEST_TARGET_NAME = mytext;
			};
			name = Debug;
		};
		E37610451F95DFE6007FC15A /* Release */ = {
			isa = XCBuildConfiguration;
			buildSettings = {
				CODE_SIGN_STYLE = Automatic;
				DEVELOPMENT_TEAM = VV2ZVJX725;
				INFOPLIST_FILE = mytextUITests/Info.plist;
				LD_RUNPATH_SEARCH_PATHS = "$(inherited) @executable_path/Frameworks @loader_path/Frameworks";
				PRODUCT_BUNDLE_IDENTIFIER = com.xiaoshupuhui.mytextUITests;
				PRODUCT_NAME = "$(TARGET_NAME)";
				TARGETED_DEVICE_FAMILY = "1,2";
				TEST_TARGET_NAME = mytext;
			};
			name = Release;
		};
/* End XCBuildConfiguration section */

/* Begin XCConfigurationList section */
		E376100C1F95DFE6007FC15A /* Build configuration list for PBXProject "mytext" */ = {
			isa = XCConfigurationList;
			buildConfigurations = (
				E376103B1F95DFE6007FC15A /* Debug */,
				E376103C1F95DFE6007FC15A /* Release */,
			);
			defaultConfigurationIsVisible = 0;
			defaultConfigurationName = Release;
		};
		E376103D1F95DFE6007FC15A /* Build configuration list for PBXNativeTarget "mytext" */ = {
			isa = XCConfigurationList;
			buildConfigurations = (
				E376103E1F95DFE6007FC15A /* Debug */,
				E376103F1F95DFE6007FC15A /* Release */,
			);
			defaultConfigurationIsVisible = 0;
			defaultConfigurationName = Release;
		};
		E37610401F95DFE6007FC15A /* Build configuration list for PBXNativeTarget "mytextTests" */ = {
			isa = XCConfigurationList;
			buildConfigurations = (
				E37610411F95DFE6007FC15A /* Debug */,
				E37610421F95DFE6007FC15A /* Release */,
			);
			defaultConfigurationIsVisible = 0;
			defaultConfigurationName = Release;
		};
		E37610431F95DFE6007FC15A /* Build configuration list for PBXNativeTarget "mytextUITests" */ = {
			isa = XCConfigurationList;
			buildConfigurations = (
				E37610441F95DFE6007FC15A /* Debug */,
				E37610451F95DFE6007FC15A /* Release */,
			);
			defaultConfigurationIsVisible = 0;
			defaultConfigurationName = Release;
		};
/* End XCConfigurationList section */
	};
	rootObject = E37610091F95DFE6007FC15A /* Project object */;
}
